
Microsoft Visual Studio Solution File, Format Version 12.00
# Visual Studio Version 17
VisualStudioVersion = 17.5.33414.496
MinimumVisualStudioVersion = 10.0.40219.1
Project("{9A19103F-16F7-4668-BE54-9A1E7A4F7556}") = "BlazorApp1.Server", "Server\BlazorApp1.Server.csproj", "{7E4D7181-AF99-405D-8492-8CD7105373E5}"
EndProject
Project("{9A19103F-16F7-4668-BE54-9A1E7A4F7556}") = "BlazorApp1.Client", "Client\BlazorApp1.Client.csproj", "{D755B58C-2614-4168-8203-0233B85FBEBF}"
EndProject
Project("{9A19103F-16F7-4668-BE54-9A1E7A4F7556}") = "BlazorApp1.Shared", "Shared\BlazorApp1.Shared.csproj", "{A6A63966-E543-483C-8DD6-2945D9777004}"
EndProject
Global
	GlobalSection(SolutionConfigurationPlatforms) = preSolution
		Debug|Any CPU = Debug|Any CPU
		Release|Any CPU = Release|Any CPU
	EndGlobalSection
	GlobalSection(ProjectConfigurationPlatforms) = postSolution
		{7E4D7181-AF99-405D-8492-8CD7105373E5}.Debug|Any CPU.ActiveCfg = Debug|Any CPU
		{7E4D7181-AF99-405D-8492-8CD7105373E5}.Debug|Any CPU.Build.0 = Debug|Any CPU
		{7E4D7181-AF99-405D-8492-8CD7105373E5}.Release|Any CPU.ActiveCfg = Release|Any CPU
		{7E4D7181-AF99-405D-8492-8CD7105373E5}.Release|Any CPU.Build.0 = Release|Any CPU
		{D755B58C-2614-4168-8203-0233B85FBEBF}.Debug|Any CPU.ActiveCfg = Debug|Any CPU
		{D755B58C-2614-4168-8203-0233B85FBEBF}.Debug|Any CPU.Build.0 = Debug|Any CPU
		{D755B58C-2614-4168-8203-0233B85FBEBF}.Release|Any CPU.ActiveCfg = Release|Any CPU
		{D755B58C-2614-4168-8203-0233B85FBEBF}.Release|Any CPU.Build.0 = Release|Any CPU
		{A6A63966-E543-483C-8DD6-2945D9777004}.Debug|Any CPU.ActiveCfg = Debug|Any CPU
		{A6A63966-E543-483C-8DD6-2945D9777004}.Debug|Any CPU.Build.0 = Debug|Any CPU
		{A6A63966-E543-483C-8DD6-2945D9777004}.Release|Any CPU.ActiveCfg = Release|Any CPU
		{A6A63966-E543-483C-8DD6-2945D9777004}.Release|Any CPU.Build.0 = Release|Any CPU
	EndGlobalSection
	GlobalSection(SolutionProperties) = preSolution
		HideSolutionNode = FALSE
	EndGlobalSection
	GlobalSection(ExtensibilityGlobals) = postSolution
		SolutionGuid = {02879BD3-953F-4E64-A36C-E6171A238AEC}
	EndGlobalSection
EndGlobal
